
Microsoft Visual Studio Solution File, Format Version 12.00
# Visual Studio 15
VisualStudioVersion = 15.0.28307.489
MinimumVisualStudioVersion = 10.0.40219.1
Project("{FAE04EC0-301F-11D3-BF4B-00C04F79EFBC}") = "SampleWebJob", "SampleWebJob\SampleWebJob.csproj", "{7F8E2F7A-2F83-4207-B3BF-03420F0F89D2}"
EndProject
Project("{FAE04EC0-301F-11D3-BF4B-00C04F79EFBC}") = "SampleMvcWebJob", "SampleMvcWebJob\SampleMvcWebJob.csproj", "{3207EBAC-1556-4A87-B500-261FF02F7BC4}"
EndProject
Global
	GlobalSection(SolutionConfigurationPlatforms) = preSolution
		Debug|Any CPU = Debug|Any CPU
		Release|Any CPU = Release|Any CPU
	EndGlobalSection
	GlobalSection(ProjectConfigurationPlatforms) = postSolution
		{7F8E2F7A-2F83-4207-B3BF-03420F0F89D2}.Debug|Any CPU.ActiveCfg = Debug|Any CPU
		{7F8E2F7A-2F83-4207-B3BF-03420F0F89D2}.Debug|Any CPU.Build.0 = Debug|Any CPU
		{7F8E2F7A-2F83-4207-B3BF-03420F0F89D2}.Release|Any CPU.ActiveCfg = Release|Any CPU
		{7F8E2F7A-2F83-4207-B3BF-03420F0F89D2}.Release|Any CPU.Build.0 = Release|Any CPU
		{3207EBAC-1556-4A87-B500-261FF02F7BC4}.Debug|Any CPU.ActiveCfg = Debug|Any CPU
		{3207EBAC-1556-4A87-B500-261FF02F7BC4}.Debug|Any CPU.Build.0 = Debug|Any CPU
		{3207EBAC-1556-4A87-B500-261FF02F7BC4}.Release|Any CPU.ActiveCfg = Release|Any CPU
		{3207EBAC-1556-4A87-B500-261FF02F7BC4}.Release|Any CPU.Build.0 = Release|Any CPU
	EndGlobalSection
	GlobalSection(SolutionProperties) = preSolution
		HideSolutionNode = FALSE
	EndGlobalSection
	GlobalSection(ExtensibilityGlobals) = postSolution
		SolutionGuid = {1415EE7C-BEFB-4D01-93FD-9451FAA7B229}
	EndGlobalSection
EndGlobal
